
Microsoft Visual Studio Solution File, Format Version 12.00
# Visual Studio Version 17
VisualStudioVersion = 17.4.33213.308
MinimumVisualStudioVersion = 10.0.40219.1
Project("{FAE04EC0-301F-11D3-BF4B-00C04F79EFBC}") = "SendGridEmailTest", "SendGridEmailTest\SendGridEmailTest.csproj", "{1080DDEF-BC7F-486F-A3FB-C98CE32A1251}"
EndProject
Global
	GlobalSection(SolutionConfigurationPlatforms) = preSolution
		Debug|Any CPU = Debug|Any CPU
		Release|Any CPU = Release|Any CPU
	EndGlobalSection
	GlobalSection(ProjectConfigurationPlatforms) = postSolution
		{1080DDEF-BC7F-486F-A3FB-C98CE32A1251}.Debug|Any CPU.ActiveCfg = Debug|Any CPU
		{1080DDEF-BC7F-486F-A3FB-C98CE32A1251}.Debug|Any CPU.Build.0 = Debug|Any CPU
		{1080DDEF-BC7F-486F-A3FB-C98CE32A1251}.Release|Any CPU.ActiveCfg = Release|Any CPU
		{1080DDEF-BC7F-486F-A3FB-C98CE32A1251}.Release|Any CPU.Build.0 = Release|Any CPU
	EndGlobalSection
	GlobalSection(SolutionProperties) = preSolution
		HideSolutionNode = FALSE
	EndGlobalSection
	GlobalSection(ExtensibilityGlobals) = postSolution
		SolutionGuid = {CC064146-1BDC-4EC0-8187-4C32BF787D48}
	EndGlobalSection
EndGlobal
